// !$*UTF8*$!
{
	archiveVersion = 1;
	classes = {
	};
	objectVersion = 46;
	objects = {

/* Begin PBXBuildFile section */
		5933E0D51B62124F0070DF8A /* iOSVersions.swift in Sources */ = {isa = PBXBuildFile; fileRef = 5933E0D41B62124F0070DF8A /* iOSVersions.swift */; };
		595758131B61444D0022063E /* CoreLocation.framework in Frameworks */ = {isa = PBXBuildFile; fileRef = 595758121B61444D0022063E /* CoreLocation.framework */; };
		595758151B6149020022063E /* MapKit.framework in Frameworks */ = {isa = PBXBuildFile; fileRef = 595758141B6149020022063E /* MapKit.framework */; };
		596C62E31B64062E00AB5C1B /* States.swift in Sources */ = {isa = PBXBuildFile; fileRef = 596C62E21B64062E00AB5C1B /* States.swift */; };
		596C62E51B642EEB00AB5C1B /* popoverPicker.xib in Resources */ = {isa = PBXBuildFile; fileRef = 596C62E41B642EEB00AB5C1B /* popoverPicker.xib */; };
		596C62E71B64349F00AB5C1B /* PopoverController.swift in Sources */ = {isa = PBXBuildFile; fileRef = 596C62E61B64349F00AB5C1B /* PopoverController.swift */; };
		596C62EA1B64467A00AB5C1B /* OpenInSafariActivity.swift in Sources */ = {isa = PBXBuildFile; fileRef = 596C62E91B64467A00AB5C1B /* OpenInSafariActivity.swift */; };
		59A59F4B1B6180F900A6EF4E /* RepCell.swift in Sources */ = {isa = PBXBuildFile; fileRef = 59A59F4A1B6180F900A6EF4E /* RepCell.swift */; };
		59A59F4D1B619A7100A6EF4E /* NetworkStack.swift in Sources */ = {isa = PBXBuildFile; fileRef = 59A59F4C1B619A7100A6EF4E /* NetworkStack.swift */; };
		59C53F6D1B6155F400C2F3C4 /* Rep.swift in Sources */ = {isa = PBXBuildFile; fileRef = 59C53F6C1B6155F400C2F3C4 /* Rep.swift */; };
		59C53F6F1B61612D00C2F3C4 /* Requester.swift in Sources */ = {isa = PBXBuildFile; fileRef = 59C53F6E1B61612D00C2F3C4 /* Requester.swift */; };
		59E04FF41B61261800C1203C /* NameAndStateViewController.swift in Sources */ = {isa = PBXBuildFile; fileRef = 59E04FF31B61261800C1203C /* NameAndStateViewController.swift */; };
		59E04FF61B61265700C1203C /* LocationViewController.swift in Sources */ = {isa = PBXBuildFile; fileRef = 59E04FF51B61265700C1203C /* LocationViewController.swift */; };
		59E04FF81B61268400C1203C /* RepViewController.swift in Sources */ = {isa = PBXBuildFile; fileRef = 59E04FF71B61268400C1203C /* RepViewController.swift */; };
		59E04FFA1B6126C900C1203C /* BrowserViewController.swift in Sources */ = {isa = PBXBuildFile; fileRef = 59E04FF91B6126C900C1203C /* BrowserViewController.swift */; };
		59FD3ED01B604BB300E0F003 /* AppDelegate.swift in Sources */ = {isa = PBXBuildFile; fileRef = 59FD3ECF1B604BB300E0F003 /* AppDelegate.swift */; };
		59FD3ED21B604BB300E0F003 /* ViewController.swift in Sources */ = {isa = PBXBuildFile; fileRef = 59FD3ED11B604BB300E0F003 /* ViewController.swift */; };
		59FD3ED51B604BB300E0F003 /* Main.storyboard in Resources */ = {isa = PBXBuildFile; fileRef = 59FD3ED31B604BB300E0F003 /* Main.storyboard */; };
		59FD3ED71B604BB300E0F003 /* Images.xcassets in Resources */ = {isa = PBXBuildFile; fileRef = 59FD3ED61B604BB300E0F003 /* Images.xcassets */; };
		59FD3EDA1B604BB300E0F003 /* LaunchScreen.xib in Resources */ = {isa = PBXBuildFile; fileRef = 59FD3ED81B604BB300E0F003 /* LaunchScreen.xib */; };
		59FD3EE61B604BB300E0F003 /* TestAppTests.swift in Sources */ = {isa = PBXBuildFile; fileRef = 59FD3EE51B604BB300E0F003 /* TestAppTests.swift */; };
/* End PBXBuildFile section */

/* Begin PBXContainerItemProxy section */
		59FD3EE01B604BB300E0F003 /* PBXContainerItemProxy */ = {
			isa = PBXContainerItemProxy;
			containerPortal = 59FD3EC21B604BB300E0F003 /* Project object */;
			proxyType = 1;
			remoteGlobalIDString = 59FD3EC91B604BB300E0F003;
			remoteInfo = TestApp;
		};
/* End PBXContainerItemProxy section */

/* Begin PBXFileReference section */
		5933E0D41B62124F0070DF8A /* iOSVersions.swift */ = {isa = PBXFileReference; fileEncoding = 4; lastKnownFileType = sourcecode.swift; path = iOSVersions.swift; sourceTree = "<group>"; };
		595758121B61444D0022063E /* CoreLocation.framework */ = {isa = PBXFileReference; lastKnownFileType = wrapper.framework; name = CoreLocation.framework; path = System/Library/Frameworks/CoreLocation.framework; sourceTree = SDKROOT; };
		595758141B6149020022063E /* MapKit.framework */ = {isa = PBXFileReference; lastKnownFileType = wrapper.framework; name = MapKit.framework; path = System/Library/Frameworks/MapKit.framework; sourceTree = SDKROOT; };
		596C62E21B64062E00AB5C1B /* States.swift */ = {isa = PBXFileReference; fileEncoding = 4; lastKnownFileType = sourcecode.swift; path = States.swift; sourceTree = "<group>"; };
		596C62E41B642EEB00AB5C1B /* popoverPicker.xib */ = {isa = PBXFileReference; fileEncoding = 4; lastKnownFileType = file.xib; path = popoverPicker.xib; sourceTree = "<group>"; };
		596C62E61B64349F00AB5C1B /* PopoverController.swift */ = {isa = PBXFileReference; fileEncoding = 4; lastKnownFileType = sourcecode.swift; path = PopoverController.swift; sourceTree = "<group>"; };
		596C62E91B64467A00AB5C1B /* OpenInSafariActivity.swift */ = {isa = PBXFileReference; fileEncoding = 4; lastKnownFileType = sourcecode.swift; path = OpenInSafariActivity.swift; sourceTree = "<group>"; };
		59A59F4A1B6180F900A6EF4E /* RepCell.swift */ = {isa = PBXFileReference; fileEncoding = 4; lastKnownFileType = sourcecode.swift; path = RepCell.swift; sourceTree = "<group>"; };
		59A59F4C1B619A7100A6EF4E /* NetworkStack.swift */ = {isa = PBXFileReference; fileEncoding = 4; lastKnownFileType = sourcecode.swift; path = NetworkStack.swift; sourceTree = "<group>"; };
		59C53F6C1B6155F400C2F3C4 /* Rep.swift */ = {isa = PBXFileReference; fileEncoding = 4; lastKnownFileType = sourcecode.swift; path = Rep.swift; sourceTree = "<group>"; };
		59C53F6E1B61612D00C2F3C4 /* Requester.swift */ = {isa = PBXFileReference; fileEncoding = 4; lastKnownFileType = sourcecode.swift; path = Requester.swift; sourceTree = "<group>"; };
		59C53F701B61653100C2F3C4 /* MyPlayground.playground */ = {isa = PBXFileReference; lastKnownFileType = file.playground; path = MyPlayground.playground; sourceTree = "<group>"; };
		59E04FF31B61261800C1203C /* NameAndStateViewController.swift */ = {isa = PBXFileReference; fileEncoding = 4; lastKnownFileType = sourcecode.swift; path = NameAndStateViewController.swift; sourceTree = "<group>"; };
		59E04FF51B61265700C1203C /* LocationViewController.swift */ = {isa = PBXFileReference; fileEncoding = 4; lastKnownFileType = sourcecode.swift; path = LocationViewController.swift; sourceTree = "<group>"; };
		59E04FF71B61268400C1203C /* RepViewController.swift */ = {isa = PBXFileReference; fileEncoding = 4; lastKnownFileType = sourcecode.swift; path = RepViewController.swift; sourceTree = "<group>"; };
		59E04FF91B6126C900C1203C /* BrowserViewController.swift */ = {isa = PBXFileReference; fileEncoding = 4; lastKnownFileType = sourcecode.swift; path = BrowserViewController.swift; sourceTree = "<group>"; };
		59FD3ECA1B604BB300E0F003 /* TestApp.app */ = {isa = PBXFileReference; explicitFileType = wrapper.application; includeInIndex = 0; path = TestApp.app; sourceTree = BUILT_PRODUCTS_DIR; };
		59FD3ECE1B604BB300E0F003 /* Info.plist */ = {isa = PBXFileReference; lastKnownFileType = text.plist.xml; path = Info.plist; sourceTree = "<group>"; };
		59FD3ECF1B604BB300E0F003 /* AppDelegate.swift */ = {isa = PBXFileReference; lastKnownFileType = sourcecode.swift; path = AppDelegate.swift; sourceTree = "<group>"; };
		59FD3ED11B604BB300E0F003 /* ViewController.swift */ = {isa = PBXFileReference; lastKnownFileType = sourcecode.swift; path = ViewController.swift; sourceTree = "<group>"; };
		59FD3ED41B604BB300E0F003 /* Base */ = {isa = PBXFileReference; lastKnownFileType = file.storyboard; name = Base; path = Base.lproj/Main.storyboard; sourceTree = "<group>"; };
		59FD3ED61B604BB300E0F003 /* Images.xcassets */ = {isa = PBXFileReference; lastKnownFileType = folder.assetcatalog; path = Images.xcassets; sourceTree = "<group>"; };
		59FD3ED91B604BB300E0F003 /* Base */ = {isa = PBXFileReference; lastKnownFileType = file.xib; name = Base; path = Base.lproj/LaunchScreen.xib; sourceTree = "<group>"; };
		59FD3EDF1B604BB300E0F003 /* TestAppTests.xctest */ = {isa = PBXFileReference; explicitFileType = wrapper.cfbundle; includeInIndex = 0; path = TestAppTests.xctest; sourceTree = BUILT_PRODUCTS_DIR; };
		59FD3EE41B604BB300E0F003 /* Info.plist */ = {isa = PBXFileReference; lastKnownFileType = text.plist.xml; path = Info.plist; sourceTree = "<group>"; };
		59FD3EE51B604BB300E0F003 /* TestAppTests.swift */ = {isa = PBXFileReference; lastKnownFileType = sourcecode.swift; path = TestAppTests.swift; sourceTree = "<group>"; };
		59FD3EF11B604D2A00E0F003 /* README.md */ = {isa = PBXFileReference; fileEncoding = 4; lastKnownFileType = net.daringfireball.markdown; path = README.md; sourceTree = SOURCE_ROOT; };
/* End PBXFileReference section */

/* Begin PBXFrameworksBuildPhase section */
		59FD3EC71B604BB300E0F003 /* Frameworks */ = {
			isa = PBXFrameworksBuildPhase;
			buildActionMask = 2147483647;
			files = (
				595758151B6149020022063E /* MapKit.framework in Frameworks */,
				595758131B61444D0022063E /* CoreLocation.framework in Frameworks */,
			);
			runOnlyForDeploymentPostprocessing = 0;
		};
		59FD3EDC1B604BB300E0F003 /* Frameworks */ = {
			isa = PBXFrameworksBuildPhase;
			buildActionMask = 2147483647;
			files = (
			);
			runOnlyForDeploymentPostprocessing = 0;
		};
/* End PBXFrameworksBuildPhase section */

/* Begin PBXGroup section */
		596C62E81B64466000AB5C1B /* Activities */ = {
			isa = PBXGroup;
			children = (
				596C62E91B64467A00AB5C1B /* OpenInSafariActivity.swift */,
			);
			name = Activities;
			sourceTree = "<group>";
		};
		59E04FFB1B6126E200C1203C /* Controllers */ = {
			isa = PBXGroup;
			children = (
				59FD3ED11B604BB300E0F003 /* ViewController.swift */,
				59E04FF31B61261800C1203C /* NameAndStateViewController.swift */,
				59E04FF51B61265700C1203C /* LocationViewController.swift */,
				59E04FF71B61268400C1203C /* RepViewController.swift */,
				59E04FF91B6126C900C1203C /* BrowserViewController.swift */,
				596C62E61B64349F00AB5C1B /* PopoverController.swift */,
			);
			name = Controllers;
			sourceTree = "<group>";
		};
		59FD3EC11B604BB300E0F003 = {
			isa = PBXGroup;
			children = (
				595758141B6149020022063E /* MapKit.framework */,
				595758121B61444D0022063E /* CoreLocation.framework */,
				59FD3ECC1B604BB300E0F003 /* TestApp */,
				59FD3EE21B604BB300E0F003 /* TestAppTests */,
				59FD3ECB1B604BB300E0F003 /* Products */,
			);
			sourceTree = "<group>";
		};
		59FD3ECB1B604BB300E0F003 /* Products */ = {
			isa = PBXGroup;
			children = (
				59FD3ECA1B604BB300E0F003 /* TestApp.app */,
				59FD3EDF1B604BB300E0F003 /* TestAppTests.xctest */,
			);
			name = Products;
			sourceTree = "<group>";
		};
		59FD3ECC1B604BB300E0F003 /* TestApp */ = {
			isa = PBXGroup;
			children = (
				596C62E81B64466000AB5C1B /* Activities */,
				59FD3EF11B604D2A00E0F003 /* README.md */,
				59FD3ECF1B604BB300E0F003 /* AppDelegate.swift */,
				59E04FFB1B6126E200C1203C /* Controllers */,
				59FD3ED31B604BB300E0F003 /* Main.storyboard */,
				59FD3ED61B604BB300E0F003 /* Images.xcassets */,
				59FD3ED81B604BB300E0F003 /* LaunchScreen.xib */,
				59FD3ECD1B604BB300E0F003 /* Supporting Files */,
				59C53F6C1B6155F400C2F3C4 /* Rep.swift */,
				59C53F6E1B61612D00C2F3C4 /* Requester.swift */,
				59C53F701B61653100C2F3C4 /* MyPlayground.playground */,
				59A59F4A1B6180F900A6EF4E /* RepCell.swift */,
				59A59F4C1B619A7100A6EF4E /* NetworkStack.swift */,
				5933E0D41B62124F0070DF8A /* iOSVersions.swift */,
				596C62E21B64062E00AB5C1B /* States.swift */,
				596C62E41B642EEB00AB5C1B /* popoverPicker.xib */,
			);
			path = TestApp;
			sourceTree = "<group>";
		};
		59FD3ECD1B604BB300E0F003 /* Supporting Files */ = {
			isa = PBXGroup;
			children = (
				59FD3ECE1B604BB300E0F003 /* Info.plist */,
			);
			name = "Supporting Files";
			sourceTree = "<group>";
		};
		59FD3EE21B604BB300E0F003 /* TestAppTests */ = {
			isa = PBXGroup;
			children = (
				59FD3EE51B604BB300E0F003 /* TestAppTests.swift */,
				59FD3EE31B604BB300E0F003 /* Supporting Files */,
			);
			path = TestAppTests;
			sourceTree = "<group>";
		};
		59FD3EE31B604BB300E0F003 /* Supporting Files */ = {
			isa = PBXGroup;
			children = (
				59FD3EE41B604BB300E0F003 /* Info.plist */,
			);
			name = "Supporting Files";
			sourceTree = "<group>";
		};
/* End PBXGroup section */

/* Begin PBXNativeTarget section */
		59FD3EC91B604BB300E0F003 /* TestApp */ = {
			isa = PBXNativeTarget;
			buildConfigurationList = 59FD3EE91B604BB300E0F003 /* Build configuration list for PBXNativeTarget "TestApp" */;
			buildPhases = (
				59FD3EC61B604BB300E0F003 /* Sources */,
				59FD3EC71B604BB300E0F003 /* Frameworks */,
				59FD3EC81B604BB300E0F003 /* Resources */,
			);
			buildRules = (
			);
			dependencies = (
			);
			name = TestApp;
			productName = TestApp;
			productReference = 59FD3ECA1B604BB300E0F003 /* TestApp.app */;
			productType = "com.apple.product-type.application";
		};
		59FD3EDE1B604BB300E0F003 /* TestAppTests */ = {
			isa = PBXNativeTarget;
			buildConfigurationList = 59FD3EEC1B604BB300E0F003 /* Build configuration list for PBXNativeTarget "TestAppTests" */;
			buildPhases = (
				59FD3EDB1B604BB300E0F003 /* Sources */,
				59FD3EDC1B604BB300E0F003 /* Frameworks */,
				59FD3EDD1B604BB300E0F003 /* Resources */,
			);
			buildRules = (
			);
			dependencies = (
				59FD3EE11B604BB300E0F003 /* PBXTargetDependency */,
			);
			name = TestAppTests;
			productName = TestAppTests;
			productReference = 59FD3EDF1B604BB300E0F003 /* TestAppTests.xctest */;
			productType = "com.apple.product-type.bundle.unit-test";
		};
/* End PBXNativeTarget section */

/* Begin PBXProject section */
		59FD3EC21B604BB300E0F003 /* Project object */ = {
			isa = PBXProject;
			attributes = {
				LastSwiftUpdateCheck = 0700;
				LastUpgradeCheck = 0640;
				ORGANIZATIONNAME = "Rhett Rogers";
				TargetAttributes = {
					59FD3EC91B604BB300E0F003 = {
						CreatedOnToolsVersion = 6.4;
						DevelopmentTeam = 9P849B5QJR;
						SystemCapabilities = {
							com.apple.Maps.iOS = {
								enabled = 1;
							};
						};
					};
					59FD3EDE1B604BB300E0F003 = {
						CreatedOnToolsVersion = 6.4;
						TestTargetID = 59FD3EC91B604BB300E0F003;
					};
				};
			};
			buildConfigurationList = 59FD3EC51B604BB300E0F003 /* Build configuration list for PBXProject "TestApp" */;
			compatibilityVersion = "Xcode 3.2";
			developmentRegion = English;
			hasScannedForEncodings = 0;
			knownRegions = (
				en,
				Base,
			);
			mainGroup = 59FD3EC11B604BB300E0F003;
			productRefGroup = 59FD3ECB1B604BB300E0F003 /* Products */;
			projectDirPath = "";
			projectRoot = "";
			targets = (
				59FD3EC91B604BB300E0F003 /* TestApp */,
				59FD3EDE1B604BB300E0F003 /* TestAppTests */,
			);
		};
/* End PBXProject section */

/* Begin PBXResourcesBuildPhase section */
		59FD3EC81B604BB300E0F003 /* Resources */ = {
			isa = PBXResourcesBuildPhase;
			buildActionMask = 2147483647;
			files = (
				59FD3ED51B604BB300E0F003 /* Main.storyboard in Resources */,
				59FD3EDA1B604BB300E0F003 /* LaunchScreen.xib in Resources */,
				59FD3ED71B604BB300E0F003 /* Images.xcassets in Resources */,
				596C62E51B642EEB00AB5C1B /* popoverPicker.xib in Resources */,
			);
			runOnlyForDeploymentPostprocessing = 0;
		};
		59FD3EDD1B604BB300E0F003 /* Resources */ = {
			isa = PBXResourcesBuildPhase;
			buildActionMask = 2147483647;
			files = (
			);
			runOnlyForDeploymentPostprocessing = 0;
		};
/* End PBXResourcesBuildPhase section */

/* Begin PBXSourcesBuildPhase section */
		59FD3EC61B604BB300E0F003 /* Sources */ = {
			isa = PBXSourcesBuildPhase;
			buildActionMask = 2147483647;
			files = (
				59E04FF81B61268400C1203C /* RepViewController.swift in Sources */,
				59E04FFA1B6126C900C1203C /* BrowserViewController.swift in Sources */,
				59C53F6F1B61612D00C2F3C4 /* Requester.swift in Sources */,
				59A59F4D1B619A7100A6EF4E /* NetworkStack.swift in Sources */,
				5933E0D51B62124F0070DF8A /* iOSVersions.swift in Sources */,
				59E04FF61B61265700C1203C /* LocationViewController.swift in Sources */,
				596C62E71B64349F00AB5C1B /* PopoverController.swift in Sources */,
				59C53F6D1B6155F400C2F3C4 /* Rep.swift in Sources */,
				59FD3ED21B604BB300E0F003 /* ViewController.swift in Sources */,
				596C62EA1B64467A00AB5C1B /* OpenInSafariActivity.swift in Sources */,
				59A59F4B1B6180F900A6EF4E /* RepCell.swift in Sources */,
				59E04FF41B61261800C1203C /* NameAndStateViewController.swift in Sources */,
				596C62E31B64062E00AB5C1B /* States.swift in Sources */,
				59FD3ED01B604BB300E0F003 /* AppDelegate.swift in Sources */,
			);
			runOnlyForDeploymentPostprocessing = 0;
		};
		59FD3EDB1B604BB300E0F003 /* Sources */ = {
			isa = PBXSourcesBuildPhase;
			buildActionMask = 2147483647;
			files = (
				59FD3EE61B604BB300E0F003 /* TestAppTests.swift in Sources */,
			);
			runOnlyForDeploymentPostprocessing = 0;
		};
/* End PBXSourcesBuildPhase section */

/* Begin PBXTargetDependency section */
		59FD3EE11B604BB300E0F003 /* PBXTargetDependency */ = {
			isa = PBXTargetDependency;
			target = 59FD3EC91B604BB300E0F003 /* TestApp */;
			targetProxy = 59FD3EE01B604BB300E0F003 /* PBXContainerItemProxy */;
		};
/* End PBXTargetDependency section */

/* Begin PBXVariantGroup section */
		59FD3ED31B604BB300E0F003 /* Main.storyboard */ = {
			isa = PBXVariantGroup;
			children = (
				59FD3ED41B604BB300E0F003 /* Base */,
			);
			name = Main.storyboard;
			sourceTree = "<group>";
		};
		59FD3ED81B604BB300E0F003 /* LaunchScreen.xib */ = {
			isa = PBXVariantGroup;
			children = (
				59FD3ED91B604BB300E0F003 /* Base */,
			);
			name = LaunchScreen.xib;
			sourceTree = "<group>";
		};
/* End PBXVariantGroup section */

/* Begin XCBuildConfiguration section */
		59FD3EE71B604BB300E0F003 /* Debug */ = {
			isa = XCBuildConfiguration;
			buildSettings = {
				ALWAYS_SEARCH_USER_PATHS = NO;
				CLANG_CXX_LANGUAGE_STANDARD = "gnu++0x";
				CLANG_CXX_LIBRARY = "libc++";
				CLANG_ENABLE_MODULES = YES;
				CLANG_ENABLE_OBJC_ARC = YES;
				CLANG_WARN_BOOL_CONVERSION = YES;
				CLANG_WARN_CONSTANT_CONVERSION = YES;
				CLANG_WARN_DIRECT_OBJC_ISA_USAGE = YES_ERROR;
				CLANG_WARN_EMPTY_BODY = YES;
				CLANG_WARN_ENUM_CONVERSION = YES;
				CLANG_WARN_INT_CONVERSION = YES;
				CLANG_WARN_OBJC_ROOT_CLASS = YES_ERROR;
				CLANG_WARN_UNREACHABLE_CODE = YES;
				CLANG_WARN__DUPLICATE_METHOD_MATCH = YES;
				"CODE_SIGN_IDENTITY[sdk=iphoneos*]" = "iPhone Developer";
				COPY_PHASE_STRIP = NO;
				DEBUG_INFORMATION_FORMAT = "dwarf-with-dsym";
				ENABLE_STRICT_OBJC_MSGSEND = YES;
				GCC_C_LANGUAGE_STANDARD = gnu99;
				GCC_DYNAMIC_NO_PIC = NO;
				GCC_NO_COMMON_BLOCKS = YES;
				GCC_OPTIMIZATION_LEVEL = 0;
				GCC_PREPROCESSOR_DEFINITIONS = (
					"DEBUG=1",
					"$(inherited)",
				);
				GCC_SYMBOLS_PRIVATE_EXTERN = NO;
				GCC_WARN_64_TO_32_BIT_CONVERSION = YES;
				GCC_WARN_ABOUT_RETURN_TYPE = YES_ERROR;
				GCC_WARN_UNDECLARED_SELECTOR = YES;
				GCC_WARN_UNINITIALIZED_AUTOS = YES_AGGRESSIVE;
				GCC_WARN_UNUSED_FUNCTION = YES;
				GCC_WARN_UNUSED_VARIABLE = YES;
				IPHONEOS_DEPLOYMENT_TARGET = 8.4;
				MTL_ENABLE_DEBUG_INFO = YES;
				ONLY_ACTIVE_ARCH = YES;
				SDKROOT = iphoneos;
				SWIFT_OPTIMIZATION_LEVEL = "-Onone";
			};
			name = Debug;
		};
		59FD3EE81B604BB300E0F003 /* Release */ = {
			isa = XCBuildConfiguration;
			buildSettings = {
				ALWAYS_SEARCH_USER_PATHS = NO;
				CLANG_CXX_LANGUAGE_STANDARD = "gnu++0x";
				CLANG_CXX_LIBRARY = "libc++";
				CLANG_ENABLE_MODULES = YES;
				CLANG_ENABLE_OBJC_ARC = YES;
				CLANG_WARN_BOOL_CONVERSION = YES;
				CLANG_WARN_CONSTANT_CONVERSION = YES;
				CLANG_WARN_DIRECT_OBJC_ISA_USAGE = YES_ERROR;
				CLANG_WARN_EMPTY_BODY = YES;
				CLANG_WARN_ENUM_CONVERSION = YES;
				CLANG_WARN_INT_CONVERSION = YES;
				CLANG_WARN_OBJC_ROOT_CLASS = YES_ERROR;
				CLANG_WARN_UNREACHABLE_CODE = YES;
				CLANG_WARN__DUPLICATE_METHOD_MATCH = YES;
				"CODE_SIGN_IDENTITY[sdk=iphoneos*]" = "iPhone Developer";
				COPY_PHASE_STRIP = NO;
				DEBUG_INFORMATION_FORMAT = "dwarf-with-dsym";
				ENABLE_NS_ASSERTIONS = NO;
				ENABLE_STRICT_OBJC_MSGSEND = YES;
				GCC_C_LANGUAGE_STANDARD = gnu99;
				GCC_NO_COMMON_BLOCKS = YES;
				GCC_WARN_64_TO_32_BIT_CONVERSION = YES;
				GCC_WARN_ABOUT_RETURN_TYPE = YES_ERROR;
				GCC_WARN_UNDECLARED_SELECTOR = YES;
				GCC_WARN_UNINITIALIZED_AUTOS = YES_AGGRESSIVE;
				GCC_WARN_UNUSED_FUNCTION = YES;
				GCC_WARN_UNUSED_VARIABLE = YES;
				IPHONEOS_DEPLOYMENT_TARGET = 8.4;
				MTL_ENABLE_DEBUG_INFO = NO;
				SDKROOT = iphoneos;
				VALIDATE_PRODUCT = YES;
			};
			name = Release;
		};
		59FD3EEA1B604BB300E0F003 /* Debug */ = {
			isa = XCBuildConfiguration;
			buildSettings = {
				ASSETCATALOG_COMPILER_APPICON_NAME = AppIcon;
				CODE_SIGN_IDENTITY = "iPhone Developer";
				INFOPLIST_FILE = TestApp/Info.plist;
				IPHONEOS_DEPLOYMENT_TARGET = 7.1;
				LD_RUNPATH_SEARCH_PATHS = "$(inherited) @executable_path/Frameworks";
				PRODUCT_NAME = "$(TARGET_NAME)";
				TARGETED_DEVICE_FAMILY = "1,2";
			};
			name = Debug;
		};
		59FD3EEB1B604BB300E0F003 /* Release */ = {
			isa = XCBuildConfiguration;
			buildSettings = {
				ASSETCATALOG_COMPILER_APPICON_NAME = AppIcon;
				CODE_SIGN_IDENTITY = "iPhone Developer";
				INFOPLIST_FILE = TestApp/Info.plist;
				IPHONEOS_DEPLOYMENT_TARGET = 7.1;
				LD_RUNPATH_SEARCH_PATHS = "$(inherited) @executable_path/Frameworks";
				PRODUCT_NAME = "$(TARGET_NAME)";
				TARGETED_DEVICE_FAMILY = "1,2";
			};
			name = Release;
		};
		59FD3EED1B604BB300E0F003 /* Debug */ = {
			isa = XCBuildConfiguration;
			buildSettings = {
				BUNDLE_LOADER = "$(TEST_HOST)";
				FRAMEWORK_SEARCH_PATHS = (
					"$(SDKROOT)/Developer/Library/Frameworks",
					"$(inherited)",
				);
				GCC_PREPROCESSOR_DEFINITIONS = (
					"DEBUG=1",
					"$(inherited)",
				);
				INFOPLIST_FILE = TestAppTests/Info.plist;
				LD_RUNPATH_SEARCH_PATHS = "$(inherited) @executable_path/Frameworks @loader_path/Frameworks";
				PRODUCT_NAME = "$(TARGET_NAME)";
				TEST_HOST = "$(BUILT_PRODUCTS_DIR)/TestApp.app/TestApp";
			};
			name = Debug;
		};
		59FD3EEE1B604BB300E0F003 /* Release */ = {
			isa = XCBuildConfiguration;
			buildSettings = {
				BUNDLE_LOADER = "$(TEST_HOST)";
				FRAMEWORK_SEARCH_PATHS = (
					"$(SDKROOT)/Developer/Library/Frameworks",
					"$(inherited)",
				);
				INFOPLIST_FILE = TestAppTests/Info.plist;
				LD_RUNPATH_SEARCH_PATHS = "$(inherited) @executable_path/Frameworks @loader_path/Frameworks";
				PRODUCT_NAME = "$(TARGET_NAME)";
				TEST_HOST = "$(BUILT_PRODUCTS_DIR)/TestApp.app/TestApp";
			};
			name = Release;
		};
/* End XCBuildConfiguration section */

/* Begin XCConfigurationList section */
		59FD3EC51B604BB300E0F003 /* Build configuration list for PBXProject "TestApp" */ = {
			isa = XCConfigurationList;
			buildConfigurations = (
				59FD3EE71B604BB300E0F003 /* Debug */,
				59FD3EE81B604BB300E0F003 /* Release */,
			);
			defaultConfigurationIsVisible = 0;
			defaultConfigurationName = Release;
		};
		59FD3EE91B604BB300E0F003 /* Build configuration list for PBXNativeTarget "TestApp" */ = {
			isa = XCConfigurationList;
			buildConfigurations = (
				59FD3EEA1B604BB300E0F003 /* Debug */,
				59FD3EEB1B604BB300E0F003 /* Release */,
			);
			defaultConfigurationIsVisible = 0;
			defaultConfigurationName = Release;
		};
		59FD3EEC1B604BB300E0F003 /* Build configuration list for PBXNativeTarget "TestAppTests" */ = {
			isa = XCConfigurationList;
			buildConfigurations = (
				59FD3EED1B604BB300E0F003 /* Debug */,
				59FD3EEE1B604BB300E0F003 /* Release */,
			);
			defaultConfigurationIsVisible = 0;
			defaultConfigurationName = Release;
		};
/* End XCConfigurationList section */
	};
	rootObject = 59FD3EC21B604BB300E0F003 /* Project object */;
}
